// !$*UTF8*$!
{
	archiveVersion = 1;
	classes = {
	};
	objectVersion = 55;
	objects = {

/* Begin PBXBuildFile section */
		E4CAE4392762364D00BCF0A4 /* HiddenTreasureMapApp.swift in Sources */ = {isa = PBXBuildFile; fileRef = E4CAE4382762364D00BCF0A4 /* HiddenTreasureMapApp.swift */; };
		E4CAE43B2762364D00BCF0A4 /* ContentView.swift in Sources */ = {isa = PBXBuildFile; fileRef = E4CAE43A2762364D00BCF0A4 /* ContentView.swift */; };
		E4CAE43D2762365000BCF0A4 /* Assets.xcassets in Resources */ = {isa = PBXBuildFile; fileRef = E4CAE43C2762365000BCF0A4 /* Assets.xcassets */; };
		E4CAE4402762365000BCF0A4 /* Preview Assets.xcassets in Resources */ = {isa = PBXBuildFile; fileRef = E4CAE43F2762365000BCF0A4 /* Preview Assets.xcassets */; };
		E4CAE4422762365000BCF0A4 /* Persistence.swift in Sources */ = {isa = PBXBuildFile; fileRef = E4CAE4412762365000BCF0A4 /* Persistence.swift */; };
		E4CAE4452762365000BCF0A4 /* HiddenTreasureMap.xcdatamodeld in Sources */ = {isa = PBXBuildFile; fileRef = E4CAE4432762365000BCF0A4 /* HiddenTreasureMap.xcdatamodeld */; };
		E4CAE44F2762365000BCF0A4 /* HiddenTreasureMapTests.swift in Sources */ = {isa = PBXBuildFile; fileRef = E4CAE44E2762365000BCF0A4 /* HiddenTreasureMapTests.swift */; };
		E4CAE4592762365000BCF0A4 /* HiddenTreasureMapUITests.swift in Sources */ = {isa = PBXBuildFile; fileRef = E4CAE4582762365000BCF0A4 /* HiddenTreasureMapUITests.swift */; };
		E4CAE45B2762365000BCF0A4 /* HiddenTreasureMapUITestsLaunchTests.swift in Sources */ = {isa = PBXBuildFile; fileRef = E4CAE45A2762365000BCF0A4 /* HiddenTreasureMapUITestsLaunchTests.swift */; };
/* End PBXBuildFile section */

/* Begin PBXContainerItemProxy section */
		E4CAE44B2762365000BCF0A4 /* PBXContainerItemProxy */ = {
			isa = PBXContainerItemProxy;
			containerPortal = E4CAE42D2762364D00BCF0A4 /* Project object */;
			proxyType = 1;
			remoteGlobalIDString = E4CAE4342762364D00BCF0A4;
			remoteInfo = HiddenTreasureMap;
		};
		E4CAE4552762365000BCF0A4 /* PBXContainerItemProxy */ = {
			isa = PBXContainerItemProxy;
			containerPortal = E4CAE42D2762364D00BCF0A4 /* Project object */;
			proxyType = 1;
			remoteGlobalIDString = E4CAE4342762364D00BCF0A4;
			remoteInfo = HiddenTreasureMap;
		};
/* End PBXContainerItemProxy section */

/* Begin PBXFileReference section */
		E4CAE4352762364D00BCF0A4 /* HiddenTreasureMap.app */ = {isa = PBXFileReference; explicitFileType = wrapper.application; includeInIndex = 0; path = HiddenTreasureMap.app; sourceTree = BUILT_PRODUCTS_DIR; };
		E4CAE4382762364D00BCF0A4 /* HiddenTreasureMapApp.swift */ = {isa = PBXFileReference; lastKnownFileType = sourcecode.swift; path = HiddenTreasureMapApp.swift; sourceTree = "<group>"; };
		E4CAE43A2762364D00BCF0A4 /* ContentView.swift */ = {isa = PBXFileReference; lastKnownFileType = sourcecode.swift; path = ContentView.swift; sourceTree = "<group>"; };
		E4CAE43C2762365000BCF0A4 /* Assets.xcassets */ = {isa = PBXFileReference; lastKnownFileType = folder.assetcatalog; path = Assets.xcassets; sourceTree = "<group>"; };
		E4CAE43F2762365000BCF0A4 /* Preview Assets.xcassets */ = {isa = PBXFileReference; lastKnownFileType = folder.assetcatalog; path = "Preview Assets.xcassets"; sourceTree = "<group>"; };
		E4CAE4412762365000BCF0A4 /* Persistence.swift */ = {isa = PBXFileReference; lastKnownFileType = sourcecode.swift; path = Persistence.swift; sourceTree = "<group>"; };
		E4CAE4442762365000BCF0A4 /* HiddenTreasureMap.xcdatamodel */ = {isa = PBXFileReference; lastKnownFileType = wrapper.xcdatamodel; path = HiddenTreasureMap.xcdatamodel; sourceTree = "<group>"; };
		E4CAE44A2762365000BCF0A4 /* HiddenTreasureMapTests.xctest */ = {isa = PBXFileReference; explicitFileType = wrapper.cfbundle; includeInIndex = 0; path = HiddenTreasureMapTests.xctest; sourceTree = BUILT_PRODUCTS_DIR; };
		E4CAE44E2762365000BCF0A4 /* HiddenTreasureMapTests.swift */ = {isa = PBXFileReference; lastKnownFileType = sourcecode.swift; path = HiddenTreasureMapTests.swift; sourceTree = "<group>"; };
		E4CAE4542762365000BCF0A4 /* HiddenTreasureMapUITests.xctest */ = {isa = PBXFileReference; explicitFileType = wrapper.cfbundle; includeInIndex = 0; path = HiddenTreasureMapUITests.xctest; sourceTree = BUILT_PRODUCTS_DIR; };
		E4CAE4582762365000BCF0A4 /* HiddenTreasureMapUITests.swift */ = {isa = PBXFileReference; lastKnownFileType = sourcecode.swift; path = HiddenTreasureMapUITests.swift; sourceTree = "<group>"; };
		E4CAE45A2762365000BCF0A4 /* HiddenTreasureMapUITestsLaunchTests.swift */ = {isa = PBXFileReference; lastKnownFileType = sourcecode.swift; path = HiddenTreasureMapUITestsLaunchTests.swift; sourceTree = "<group>"; };
/* End PBXFileReference section */

/* Begin PBXFrameworksBuildPhase section */
		E4CAE4322762364D00BCF0A4 /* Frameworks */ = {
			isa = PBXFrameworksBuildPhase;
			buildActionMask = 2147483647;
			files = (
			);
			runOnlyForDeploymentPostprocessing = 0;
		};
		E4CAE4472762365000BCF0A4 /* Frameworks */ = {
			isa = PBXFrameworksBuildPhase;
			buildActionMask = 2147483647;
			files = (
			);
			runOnlyForDeploymentPostprocessing = 0;
		};
		E4CAE4512762365000BCF0A4 /* Frameworks */ = {
			isa = PBXFrameworksBuildPhase;
			buildActionMask = 2147483647;
			files = (
			);
			runOnlyForDeploymentPostprocessing = 0;
		};
/* End PBXFrameworksBuildPhase section */

/* Begin PBXGroup section */
		E4CAE42C2762364D00BCF0A4 = {
			isa = PBXGroup;
			children = (
				E4CAE4372762364D00BCF0A4 /* HiddenTreasureMap */,
				E4CAE44D2762365000BCF0A4 /* HiddenTreasureMapTests */,
				E4CAE4572762365000BCF0A4 /* HiddenTreasureMapUITests */,
				E4CAE4362762364D00BCF0A4 /* Products */,
			);
			sourceTree = "<group>";
		};
		E4CAE4362762364D00BCF0A4 /* Products */ = {
			isa = PBXGroup;
			children = (
				E4CAE4352762364D00BCF0A4 /* HiddenTreasureMap.app */,
				E4CAE44A2762365000BCF0A4 /* HiddenTreasureMapTests.xctest */,
				E4CAE4542762365000BCF0A4 /* HiddenTreasureMapUITests.xctest */,
			);
			name = Products;
			sourceTree = "<group>";
		};
		E4CAE4372762364D00BCF0A4 /* HiddenTreasureMap */ = {
			isa = PBXGroup;
			children = (
				E4CAE4382762364D00BCF0A4 /* HiddenTreasureMapApp.swift */,
				E4CAE43A2762364D00BCF0A4 /* ContentView.swift */,
				E4CAE43C2762365000BCF0A4 /* Assets.xcassets */,
				E4CAE4412762365000BCF0A4 /* Persistence.swift */,
				E4CAE4432762365000BCF0A4 /* HiddenTreasureMap.xcdatamodeld */,
				E4CAE43E2762365000BCF0A4 /* Preview Content */,
			);
			path = HiddenTreasureMap;
			sourceTree = "<group>";
		};
		E4CAE43E2762365000BCF0A4 /* Preview Content */ = {
			isa = PBXGroup;
			children = (
				E4CAE43F2762365000BCF0A4 /* Preview Assets.xcassets */,
			);
			path = "Preview Content";
			sourceTree = "<group>";
		};
		E4CAE44D2762365000BCF0A4 /* HiddenTreasureMapTests */ = {
			isa = PBXGroup;
			children = (
				E4CAE44E2762365000BCF0A4 /* HiddenTreasureMapTests.swift */,
			);
			path = HiddenTreasureMapTests;
			sourceTree = "<group>";
		};
		E4CAE4572762365000BCF0A4 /* HiddenTreasureMapUITests */ = {
			isa = PBXGroup;
			children = (
				E4CAE4582762365000BCF0A4 /* HiddenTreasureMapUITests.swift */,
				E4CAE45A2762365000BCF0A4 /* HiddenTreasureMapUITestsLaunchTests.swift */,
			);
			path = HiddenTreasureMapUITests;
			sourceTree = "<group>";
		};
/* End PBXGroup section */

/* Begin PBXNativeTarget section */
		E4CAE4342762364D00BCF0A4 /* HiddenTreasureMap */ = {
			isa = PBXNativeTarget;
			buildConfigurationList = E4CAE45E2762365000BCF0A4 /* Build configuration list for PBXNativeTarget "HiddenTreasureMap" */;
			buildPhases = (
				E4CAE4312762364D00BCF0A4 /* Sources */,
				E4CAE4322762364D00BCF0A4 /* Frameworks */,
				E4CAE4332762364D00BCF0A4 /* Resources */,
			);
			buildRules = (
			);
			dependencies = (
			);
			name = HiddenTreasureMap;
			productName = HiddenTreasureMap;
			productReference = E4CAE4352762364D00BCF0A4 /* HiddenTreasureMap.app */;
			productType = "com.apple.product-type.application";
		};
		E4CAE4492762365000BCF0A4 /* HiddenTreasureMapTests */ = {
			isa = PBXNativeTarget;
			buildConfigurationList = E4CAE4612762365000BCF0A4 /* Build configuration list for PBXNativeTarget "HiddenTreasureMapTests" */;
			buildPhases = (
				E4CAE4462762365000BCF0A4 /* Sources */,
				E4CAE4472762365000BCF0A4 /* Frameworks */,
				E4CAE4482762365000BCF0A4 /* Resources */,
			);
			buildRules = (
			);
			dependencies = (
				E4CAE44C2762365000BCF0A4 /* PBXTargetDependency */,
			);
			name = HiddenTreasureMapTests;
			productName = HiddenTreasureMapTests;
			productReference = E4CAE44A2762365000BCF0A4 /* HiddenTreasureMapTests.xctest */;
			productType = "com.apple.product-type.bundle.unit-test";
		};
		E4CAE4532762365000BCF0A4 /* HiddenTreasureMapUITests */ = {
			isa = PBXNativeTarget;
			buildConfigurationList = E4CAE4642762365000BCF0A4 /* Build configuration list for PBXNativeTarget "HiddenTreasureMapUITests" */;
			buildPhases = (
				E4CAE4502762365000BCF0A4 /* Sources */,
				E4CAE4512762365000BCF0A4 /* Frameworks */,
				E4CAE4522762365000BCF0A4 /* Resources */,
			);
			buildRules = (
			);
			dependencies = (
				E4CAE4562762365000BCF0A4 /* PBXTargetDependency */,
			);
			name = HiddenTreasureMapUITests;
			productName = HiddenTreasureMapUITests;
			productReference = E4CAE4542762365000BCF0A4 /* HiddenTreasureMapUITests.xctest */;
			productType = "com.apple.product-type.bundle.ui-testing";
		};
/* End PBXNativeTarget section */

/* Begin PBXProject section */
		E4CAE42D2762364D00BCF0A4 /* Project object */ = {
			isa = PBXProject;
			attributes = {
				BuildIndependentTargetsInParallel = 1;
				LastSwiftUpdateCheck = 1310;
				LastUpgradeCheck = 1310;
				TargetAttributes = {
					E4CAE4342762364D00BCF0A4 = {
						CreatedOnToolsVersion = 13.1;
					};
					E4CAE4492762365000BCF0A4 = {
						CreatedOnToolsVersion = 13.1;
						TestTargetID = E4CAE4342762364D00BCF0A4;
					};
					E4CAE4532762365000BCF0A4 = {
						CreatedOnToolsVersion = 13.1;
						TestTargetID = E4CAE4342762364D00BCF0A4;
					};
				};
			};
			buildConfigurationList = E4CAE4302762364D00BCF0A4 /* Build configuration list for PBXProject "HiddenTreasureMap" */;
			compatibilityVersion = "Xcode 13.0";
			developmentRegion = en;
			hasScannedForEncodings = 0;
			knownRegions = (
				en,
				Base,
			);
			mainGroup = E4CAE42C2762364D00BCF0A4;
			productRefGroup = E4CAE4362762364D00BCF0A4 /* Products */;
			projectDirPath = "";
			projectRoot = "";
			targets = (
				E4CAE4342762364D00BCF0A4 /* HiddenTreasureMap */,
				E4CAE4492762365000BCF0A4 /* HiddenTreasureMapTests */,
				E4CAE4532762365000BCF0A4 /* HiddenTreasureMapUITests */,
			);
		};
/* End PBXProject section */

/* Begin PBXResourcesBuildPhase section */
		E4CAE4332762364D00BCF0A4 /* Resources */ = {
			isa = PBXResourcesBuildPhase;
			buildActionMask = 2147483647;
			files = (
				E4CAE4402762365000BCF0A4 /* Preview Assets.xcassets in Resources */,
				E4CAE43D2762365000BCF0A4 /* Assets.xcassets in Resources */,
			);
			runOnlyForDeploymentPostprocessing = 0;
		};
		E4CAE4482762365000BCF0A4 /* Resources */ = {
			isa = PBXResourcesBuildPhase;
			buildActionMask = 2147483647;
			files = (
			);
			runOnlyForDeploymentPostprocessing = 0;
		};
		E4CAE4522762365000BCF0A4 /* Resources */ = {
			isa = PBXResourcesBuildPhase;
			buildActionMask = 2147483647;
			files = (
			);
			runOnlyForDeploymentPostprocessing = 0;
		};
/* End PBXResourcesBuildPhase section */

/* Begin PBXSourcesBuildPhase section */
		E4CAE4312762364D00BCF0A4 /* Sources */ = {
			isa = PBXSourcesBuildPhase;
			buildActionMask = 2147483647;
			files = (
				E4CAE4422762365000BCF0A4 /* Persistence.swift in Sources */,
				E4CAE43B2762364D00BCF0A4 /* ContentView.swift in Sources */,
				E4CAE4392762364D00BCF0A4 /* HiddenTreasureMapApp.swift in Sources */,
				E4CAE4452762365000BCF0A4 /* HiddenTreasureMap.xcdatamodeld in Sources */,
			);
			runOnlyForDeploymentPostprocessing = 0;
		};
		E4CAE4462762365000BCF0A4 /* Sources */ = {
			isa = PBXSourcesBuildPhase;
			buildActionMask = 2147483647;
			files = (
				E4CAE44F2762365000BCF0A4 /* HiddenTreasureMapTests.swift in Sources */,
			);
			runOnlyForDeploymentPostprocessing = 0;
		};
		E4CAE4502762365000BCF0A4 /* Sources */ = {
			isa = PBXSourcesBuildPhase;
			buildActionMask = 2147483647;
			files = (
				E4CAE45B2762365000BCF0A4 /* HiddenTreasureMapUITestsLaunchTests.swift in Sources */,
				E4CAE4592762365000BCF0A4 /* HiddenTreasureMapUITests.swift in Sources */,
			);
			runOnlyForDeploymentPostprocessing = 0;
		};
/* End PBXSourcesBuildPhase section */

/* Begin PBXTargetDependency section */
		E4CAE44C2762365000BCF0A4 /* PBXTargetDependency */ = {
			isa = PBXTargetDependency;
			target = E4CAE4342762364D00BCF0A4 /* HiddenTreasureMap */;
			targetProxy = E4CAE44B2762365000BCF0A4 /* PBXContainerItemProxy */;
		};
		E4CAE4562762365000BCF0A4 /* PBXTargetDependency */ = {
			isa = PBXTargetDependency;
			target = E4CAE4342762364D00BCF0A4 /* HiddenTreasureMap */;
			targetProxy = E4CAE4552762365000BCF0A4 /* PBXContainerItemProxy */;
		};
/* End PBXTargetDependency section */

/* Begin XCBuildConfiguration section */
		E4CAE45C2762365000BCF0A4 /* Debug */ = {
			isa = XCBuildConfiguration;
			buildSettings = {
				ALWAYS_SEARCH_USER_PATHS = NO;
				CLANG_ANALYZER_NONNULL = YES;
				CLANG_ANALYZER_NUMBER_OBJECT_CONVERSION = YES_AGGRESSIVE;
				CLANG_CXX_LANGUAGE_STANDARD = "gnu++17";
				CLANG_CXX_LIBRARY = "libc++";
				CLANG_ENABLE_MODULES = YES;
				CLANG_ENABLE_OBJC_ARC = YES;
				CLANG_ENABLE_OBJC_WEAK = YES;
				CLANG_WARN_BLOCK_CAPTURE_AUTORELEASING = YES;
				CLANG_WARN_BOOL_CONVERSION = YES;
				CLANG_WARN_COMMA = YES;
				CLANG_WARN_CONSTANT_CONVERSION = YES;
				CLANG_WARN_DEPRECATED_OBJC_IMPLEMENTATIONS = YES;
				CLANG_WARN_DIRECT_OBJC_ISA_USAGE = YES_ERROR;
				CLANG_WARN_DOCUMENTATION_COMMENTS = YES;
				CLANG_WARN_EMPTY_BODY = YES;
				CLANG_WARN_ENUM_CONVERSION = YES;
				CLANG_WARN_INFINITE_RECURSION = YES;
				CLANG_WARN_INT_CONVERSION = YES;
				CLANG_WARN_NON_LITERAL_NULL_CONVERSION = YES;
				CLANG_WARN_OBJC_IMPLICIT_RETAIN_SELF = YES;
				CLANG_WARN_OBJC_LITERAL_CONVERSION = YES;
				CLANG_WARN_OBJC_ROOT_CLASS = YES_ERROR;
				CLANG_WARN_QUOTED_INCLUDE_IN_FRAMEWORK_HEADER = YES;
				CLANG_WARN_RANGE_LOOP_ANALYSIS = YES;
				CLANG_WARN_STRICT_PROTOTYPES = YES;
				CLANG_WARN_SUSPICIOUS_MOVE = YES;
				CLANG_WARN_UNGUARDED_AVAILABILITY = YES_AGGRESSIVE;
				CLANG_WARN_UNREACHABLE_CODE = YES;
				CLANG_WARN__DUPLICATE_METHOD_MATCH = YES;
				COPY_PHASE_STRIP = NO;
				DEBUG_INFORMATION_FORMAT = dwarf;
				ENABLE_STRICT_OBJC_MSGSEND = YES;
				ENABLE_TESTABILITY = YES;
				GCC_C_LANGUAGE_STANDARD = gnu11;
				GCC_DYNAMIC_NO_PIC = NO;
				GCC_NO_COMMON_BLOCKS = YES;
				GCC_OPTIMIZATION_LEVEL = 0;
				GCC_PREPROCESSOR_DEFINITIONS = (
					"DEBUG=1",
					"$(inherited)",
				);
				GCC_WARN_64_TO_32_BIT_CONVERSION = YES;
				GCC_WARN_ABOUT_RETURN_TYPE = YES_ERROR;
				GCC_WARN_UNDECLARED_SELECTOR = YES;
				GCC_WARN_UNINITIALIZED_AUTOS = YES_AGGRESSIVE;
				GCC_WARN_UNUSED_FUNCTION = YES;
				GCC_WARN_UNUSED_VARIABLE = YES;
				IPHONEOS_DEPLOYMENT_TARGET = 15.0;
				MTL_ENABLE_DEBUG_INFO = INCLUDE_SOURCE;
				MTL_FAST_MATH = YES;
				ONLY_ACTIVE_ARCH = YES;
				SDKROOT = iphoneos;
				SWIFT_ACTIVE_COMPILATION_CONDITIONS = DEBUG;
				SWIFT_OPTIMIZATION_LEVEL = "-Onone";
			};
			name = Debug;
		};
		E4CAE45D2762365000BCF0A4 /* Release */ = {
			isa = XCBuildConfiguration;
			buildSettings = {
				ALWAYS_SEARCH_USER_PATHS = NO;
				CLANG_ANALYZER_NONNULL = YES;
				CLANG_ANALYZER_NUMBER_OBJECT_CONVERSION = YES_AGGRESSIVE;
				CLANG_CXX_LANGUAGE_STANDARD = "gnu++17";
				CLANG_CXX_LIBRARY = "libc++";
				CLANG_ENABLE_MODULES = YES;
				CLANG_ENABLE_OBJC_ARC = YES;
				CLANG_ENABLE_OBJC_WEAK = YES;
				CLANG_WARN_BLOCK_CAPTURE_AUTORELEASING = YES;
				CLANG_WARN_BOOL_CONVERSION = YES;
				CLANG_WARN_COMMA = YES;
				CLANG_WARN_CONSTANT_CONVERSION = YES;
				CLANG_WARN_DEPRECATED_OBJC_IMPLEMENTATIONS = YES;
				CLANG_WARN_DIRECT_OBJC_ISA_USAGE = YES_ERROR;
				CLANG_WARN_DOCUMENTATION_COMMENTS = YES;
				CLANG_WARN_EMPTY_BODY = YES;
				CLANG_WARN_ENUM_CONVERSION = YES;
				CLANG_WARN_INFINITE_RECURSION = YES;
				CLANG_WARN_INT_CONVERSION = YES;
				CLANG_WARN_NON_LITERAL_NULL_CONVERSION = YES;
				CLANG_WARN_OBJC_IMPLICIT_RETAIN_SELF = YES;
				CLANG_WARN_OBJC_LITERAL_CONVERSION = YES;
				CLANG_WARN_OBJC_ROOT_CLASS = YES_ERROR;
				CLANG_WARN_QUOTED_INCLUDE_IN_FRAMEWORK_HEADER = YES;
				CLANG_WARN_RANGE_LOOP_ANALYSIS = YES;
				CLANG_WARN_STRICT_PROTOTYPES = YES;
				CLANG_WARN_SUSPICIOUS_MOVE = YES;
				CLANG_WARN_UNGUARDED_AVAILABILITY = YES_AGGRESSIVE;
				CLANG_WARN_UNREACHABLE_CODE = YES;
				CLANG_WARN__DUPLICATE_METHOD_MATCH = YES;
				COPY_PHASE_STRIP = NO;
				DEBUG_INFORMATION_FORMAT = "dwarf-with-dsym";
				ENABLE_NS_ASSERTIONS = NO;
				ENABLE_STRICT_OBJC_MSGSEND = YES;
				GCC_C_LANGUAGE_STANDARD = gnu11;
				GCC_NO_COMMON_BLOCKS = YES;
				GCC_WARN_64_TO_32_BIT_CONVERSION = YES;
				GCC_WARN_ABOUT_RETURN_TYPE = YES_ERROR;
				GCC_WARN_UNDECLARED_SELECTOR = YES;
				GCC_WARN_UNINITIALIZED_AUTOS = YES_AGGRESSIVE;
				GCC_WARN_UNUSED_FUNCTION = YES;
				GCC_WARN_UNUSED_VARIABLE = YES;
				IPHONEOS_DEPLOYMENT_TARGET = 15.0;
				MTL_ENABLE_DEBUG_INFO = NO;
				MTL_FAST_MATH = YES;
				SDKROOT = iphoneos;
				SWIFT_COMPILATION_MODE = wholemodule;
				SWIFT_OPTIMIZATION_LEVEL = "-O";
				VALIDATE_PRODUCT = YES;
			};
			name = Release;
		};
		E4CAE45F2762365000BCF0A4 /* Debug */ = {
			isa = XCBuildConfiguration;
			buildSettings = {
				ASSETCATALOG_COMPILER_APPICON_NAME = AppIcon;
				ASSETCATALOG_COMPILER_GLOBAL_ACCENT_COLOR_NAME = AccentColor;
				CODE_SIGN_STYLE = Automatic;
				CURRENT_PROJECT_VERSION = 1;
				DEVELOPMENT_ASSET_PATHS = "\"HiddenTreasureMap/Preview Content\"";
				DEVELOPMENT_TEAM = ENT89NLKC9;
				ENABLE_PREVIEWS = YES;
				GENERATE_INFOPLIST_FILE = YES;
				INFOPLIST_KEY_UIApplicationSceneManifest_Generation = YES;
				INFOPLIST_KEY_UIApplicationSupportsIndirectInputEvents = YES;
				INFOPLIST_KEY_UILaunchScreen_Generation = YES;
				INFOPLIST_KEY_UISupportedInterfaceOrientations_iPad = "UIInterfaceOrientationPortrait UIInterfaceOrientationPortraitUpsideDown UIInterfaceOrientationLandscapeLeft UIInterfaceOrientationLandscapeRight";
				INFOPLIST_KEY_UISupportedInterfaceOrientations_iPhone = "UIInterfaceOrientationPortrait UIInterfaceOrientationLandscapeLeft UIInterfaceOrientationLandscapeRight";
				LD_RUNPATH_SEARCH_PATHS = (
					"$(inherited)",
					"@executable_path/Frameworks",
				);
				MARKETING_VERSION = 1.0;
				PRODUCT_BUNDLE_IDENTIFIER = com.persukibo.HiddenTreasureMap;
				PRODUCT_NAME = "$(TARGET_NAME)";
				SWIFT_EMIT_LOC_STRINGS = YES;
				SWIFT_VERSION = 5.0;
				TARGETED_DEVICE_FAMILY = "1,2";
			};
			name = Debug;
		};
		E4CAE4602762365000BCF0A4 /* Release */ = {
			isa = XCBuildConfiguration;
			buildSettings = {
				ASSETCATALOG_COMPILER_APPICON_NAME = AppIcon;
				ASSETCATALOG_COMPILER_GLOBAL_ACCENT_COLOR_NAME = AccentColor;
				CODE_SIGN_STYLE = Automatic;
				CURRENT_PROJECT_VERSION = 1;
				DEVELOPMENT_ASSET_PATHS = "\"HiddenTreasureMap/Preview Content\"";
				DEVELOPMENT_TEAM = ENT89NLKC9;
				ENABLE_PREVIEWS = YES;
				GENERATE_INFOPLIST_FILE = YES;
				INFOPLIST_KEY_UIApplicationSceneManifest_Generation = YES;
				INFOPLIST_KEY_UIApplicationSupportsIndirectInputEvents = YES;
				INFOPLIST_KEY_UILaunchScreen_Generation = YES;
				INFOPLIST_KEY_UISupportedInterfaceOrientations_iPad = "UIInterfaceOrientationPortrait UIInterfaceOrientationPortraitUpsideDown UIInterfaceOrientationLandscapeLeft UIInterfaceOrientationLandscapeRight";
				INFOPLIST_KEY_UISupportedInterfaceOrientations_iPhone = "UIInterfaceOrientationPortrait UIInterfaceOrientationLandscapeLeft UIInterfaceOrientationLandscapeRight";
				LD_RUNPATH_SEARCH_PATHS = (
					"$(inherited)",
					"@executable_path/Frameworks",
				);
				MARKETING_VERSION = 1.0;
				PRODUCT_BUNDLE_IDENTIFIER = com.persukibo.HiddenTreasureMap;
				PRODUCT_NAME = "$(TARGET_NAME)";
				SWIFT_EMIT_LOC_STRINGS = YES;
				SWIFT_VERSION = 5.0;
				TARGETED_DEVICE_FAMILY = "1,2";
			};
			name = Release;
		};
		E4CAE4622762365000BCF0A4 /* Debug */ = {
			isa = XCBuildConfiguration;
			buildSettings = {
				ALWAYS_EMBED_SWIFT_STANDARD_LIBRARIES = YES;
				BUNDLE_LOADER = "$(TEST_HOST)";
				CODE_SIGN_STYLE = Automatic;
				CURRENT_PROJECT_VERSION = 1;
				DEVELOPMENT_TEAM = ENT89NLKC9;
				GENERATE_INFOPLIST_FILE = YES;
				IPHONEOS_DEPLOYMENT_TARGET = 15.0;
				LD_RUNPATH_SEARCH_PATHS = (
					"$(inherited)",
					"@executable_path/Frameworks",
					"@loader_path/Frameworks",
				);
				MARKETING_VERSION = 1.0;
				PRODUCT_BUNDLE_IDENTIFIER = com.persukibo.HiddenTreasureMapTests;
				PRODUCT_NAME = "$(TARGET_NAME)";
				SWIFT_EMIT_LOC_STRINGS = NO;
				SWIFT_VERSION = 5.0;
				TARGETED_DEVICE_FAMILY = "1,2";
				TEST_HOST = "$(BUILT_PRODUCTS_DIR)/HiddenTreasureMap.app/HiddenTreasureMap";
			};
			name = Debug;
		};
		E4CAE4632762365000BCF0A4 /* Release */ = {
			isa = XCBuildConfiguration;
			buildSettings = {
				ALWAYS_EMBED_SWIFT_STANDARD_LIBRARIES = YES;
				BUNDLE_LOADER = "$(TEST_HOST)";
				CODE_SIGN_STYLE = Automatic;
				CURRENT_PROJECT_VERSION = 1;
				DEVELOPMENT_TEAM = ENT89NLKC9;
				GENERATE_INFOPLIST_FILE = YES;
				IPHONEOS_DEPLOYMENT_TARGET = 15.0;
				LD_RUNPATH_SEARCH_PATHS = (
					"$(inherited)",
					"@executable_path/Frameworks",
					"@loader_path/Frameworks",
				);
				MARKETING_VERSION = 1.0;
				PRODUCT_BUNDLE_IDENTIFIER = com.persukibo.HiddenTreasureMapTests;
				PRODUCT_NAME = "$(TARGET_NAME)";
				SWIFT_EMIT_LOC_STRINGS = NO;
				SWIFT_VERSION = 5.0;
				TARGETED_DEVICE_FAMILY = "1,2";
				TEST_HOST = "$(BUILT_PRODUCTS_DIR)/HiddenTreasureMap.app/HiddenTreasureMap";
			};
			name = Release;
		};
		E4CAE4652762365000BCF0A4 /* Debug */ = {
			isa = XCBuildConfiguration;
			buildSettings = {
				ALWAYS_EMBED_SWIFT_STANDARD_LIBRARIES = YES;
				CODE_SIGN_STYLE = Automatic;
				CURRENT_PROJECT_VERSION = 1;
				DEVELOPMENT_TEAM = ENT89NLKC9;
				GENERATE_INFOPLIST_FILE = YES;
				LD_RUNPATH_SEARCH_PATHS = (
					"$(inherited)",
					"@executable_path/Frameworks",
					"@loader_path/Frameworks",
				);
				MARKETING_VERSION = 1.0;
				PRODUCT_BUNDLE_IDENTIFIER = com.persukibo.HiddenTreasureMapUITests;
				PRODUCT_NAME = "$(TARGET_NAME)";
				SWIFT_EMIT_LOC_STRINGS = NO;
				SWIFT_VERSION = 5.0;
				TARGETED_DEVICE_FAMILY = "1,2";
				TEST_TARGET_NAME = HiddenTreasureMap;
			};
			name = Debug;
		};
		E4CAE4662762365000BCF0A4 /* Release */ = {
			isa = XCBuildConfiguration;
			buildSettings = {
				ALWAYS_EMBED_SWIFT_STANDARD_LIBRARIES = YES;
				CODE_SIGN_STYLE = Automatic;
				CURRENT_PROJECT_VERSION = 1;
				DEVELOPMENT_TEAM = ENT89NLKC9;
				GENERATE_INFOPLIST_FILE = YES;
				LD_RUNPATH_SEARCH_PATHS = (
					"$(inherited)",
					"@executable_path/Frameworks",
					"@loader_path/Frameworks",
				);
				MARKETING_VERSION = 1.0;
				PRODUCT_BUNDLE_IDENTIFIER = com.persukibo.HiddenTreasureMapUITests;
				PRODUCT_NAME = "$(TARGET_NAME)";
				SWIFT_EMIT_LOC_STRINGS = NO;
				SWIFT_VERSION = 5.0;
				TARGETED_DEVICE_FAMILY = "1,2";
				TEST_TARGET_NAME = HiddenTreasureMap;
			};
			name = Release;
		};
/* End XCBuildConfiguration section */

/* Begin XCConfigurationList section */
		E4CAE4302762364D00BCF0A4 /* Build configuration list for PBXProject "HiddenTreasureMap" */ = {
			isa = XCConfigurationList;
			buildConfigurations = (
				E4CAE45C2762365000BCF0A4 /* Debug */,
				E4CAE45D2762365000BCF0A4 /* Release */,
			);
			defaultConfigurationIsVisible = 0;
			defaultConfigurationName = Release;
		};
		E4CAE45E2762365000BCF0A4 /* Build configuration list for PBXNativeTarget "HiddenTreasureMap" */ = {
			isa = XCConfigurationList;
			buildConfigurations = (
				E4CAE45F2762365000BCF0A4 /* Debug */,
				E4CAE4602762365000BCF0A4 /* Release */,
			);
			defaultConfigurationIsVisible = 0;
			defaultConfigurationName = Release;
		};
		E4CAE4612762365000BCF0A4 /* Build configuration list for PBXNativeTarget "HiddenTreasureMapTests" */ = {
			isa = XCConfigurationList;
			buildConfigurations = (
				E4CAE4622762365000BCF0A4 /* Debug */,
				E4CAE4632762365000BCF0A4 /* Release */,
			);
			defaultConfigurationIsVisible = 0;
			defaultConfigurationName = Release;
		};
		E4CAE4642762365000BCF0A4 /* Build configuration list for PBXNativeTarget "HiddenTreasureMapUITests" */ = {
			isa = XCConfigurationList;
			buildConfigurations = (
				E4CAE4652762365000BCF0A4 /* Debug */,
				E4CAE4662762365000BCF0A4 /* Release */,
			);
			defaultConfigurationIsVisible = 0;
			defaultConfigurationName = Release;
		};
/* End XCConfigurationList section */

/* Begin XCVersionGroup section */
		E4CAE4432762365000BCF0A4 /* HiddenTreasureMap.xcdatamodeld */ = {
			isa = XCVersionGroup;
			children = (
				E4CAE4442762365000BCF0A4 /* HiddenTreasureMap.xcdatamodel */,
			);
			currentVersion = E4CAE4442762365000BCF0A4 /* HiddenTreasureMap.xcdatamodel */;
			path = HiddenTreasureMap.xcdatamodeld;
			sourceTree = "<group>";
			versionGroupType = wrapper.xcdatamodel;
		};
/* End XCVersionGroup section */
	};
	rootObject = E4CAE42D2762364D00BCF0A4 /* Project object */;
}
